github.com/git/git v2.36.1+incompatible h1:b4mPslTZt1Bn40sbjECapj0PKAZtBp8a1AYeHFx0Iz8=
github.com/git/git v2.36.1+incompatible/go.mod h1:B17BlExMbWcymdarLexglm7DJBhBmovtSHADsTWqDJY=
github.com/rust-lang/cargo v0.0.1-pre h1:rcCp+QBJLcbn3A0qBZ5G6QBd7LiN4CbGENtp5mAEVLU=
github.com/rust-lang/cargo v0.0.1-pre/go.mod h1:/WJWK99n/zWkKmlBHOU8X25lTTSd9w2Ze2RVf3pg/s0=
github.com/rust-lang/rust v0.0.0-20220127062153-21b4a9cfdcbb h1:6iafvZqk6R+nRXFDjGGj6llHxAraOt6MfSZmn+7Lovg=
github.com/rust-lang/rust v0.0.0-20220127062153-21b4a9cfdcbb/go.mod h1:3UxfsJoh4G70RSlhXISM7IJzJfTdrs63XFM47nyODZQ=
github.com/rust-lang/rustup v0.0.0-20211227100344-5225e87a5d97 h1:WPdAGxSP++Yqes/2UUlpRA3h/KXtS3o+cvTvRaLRspY=
github.com/rust-lang/rustup v0.0.0-20211227100344-5225e87a5d97/go.mod h1:3UUZ3NzdHaYzy59uUb97T8elTlqJsNP/zXyoiHUH7ec=
github.com/freeCodeCamp/freeCodeCamp v0.0.0-20211208182020-4bdfb6794f65 h1:xg3/7Eo4jeXT0W66IaZ3Yw+taxIssmJs8doMeAEBQUo=
github.com/freeCodeCamp/freeCodeCamp v0.0.0-20211208182020-4bdfb6794f65/go.mod h1:PQyD93NcKDGp/NGjjzUVpvp7kPNtluh3Pb9vxy+Swyg=
github.com/github/gitignore v0.0.0-20200414191456-80587386dd48 h1:jhVFf3OCbpUtuS4AOQoLdoIJiFpfbZ4itK6zcPQxUyQ=
github.com/github/gitignore v0.0.0-20200414191456-80587386dd48/go.mod h1:euJdfNpLwuTHaoB2l77Psz7Uh4yluNwzslIRmGlh+/c=
github.com/torvalds/linux v0.0.0-20191020021433-19a6d18efb51 h1:tBvvRg2G6Lmc3NXFg4yr/A7WH9XzraQ87RIOjfbMREU=
github.com/torvalds/linux v0.0.0-20191020021433-19a6d18efb51/go.mod h1:duzrrZUq49Xw1J0921AAC4OZKLLIeFwonoOvFnLAmLA=
github.com/torvalds/linux
