github.com/Anas-Elgarhy/JCmusIntegrationWithDiscord v1.1.0 h1:V1VbPCFG/dR3QqKka2SkWOTHBmvyfQRjR+tiqG+q1XE=
github.com/Anas-Elgarhy/JCmusIntegrationWithDiscord v1.1.0/go.mod h1:yEhQzE+B2HlPfRQJUV9Uv2s/C3+rUj2LBvW95u0nq8U=
github.com/Anas-Elgarhy/dwm v0.0.0-20220519083658-f84ab69cee14 h1:Wm1ksAqps00m3TZ7y99/SHUqN497n5gTk+r2NfpB58s=
github.com/Anas-Elgarhy/dwm v0.0.0-20220519083658-f84ab69cee14/go.mod h1:Y9egr+fknzsZh1R2/z5JD729/js4KyFhKwa0GLAvlqo=
github.com/Anas-Elgarhy/slstatus v0.0.0-20220501211816-a3fb8788206d h1:6lw0pNg1Jf56154DSVT917CK9hgbr8nTLSQ7zwMDP6w=
github.com/Anas-Elgarhy/slstatus v0.0.0-20220501211816-a3fb8788206d/go.mod h1:6pI5CQQDnaslVTEKWMvpIk7q43wS7IWPkYGsiCOW9ms=
github.com/NvChad/NvChad v0.0.0-20220716014929-ce027efbe956 h1:S5CE0WsvWLecASmQ/L9ClP6So7dW+SYAQyJ4Nj7e8BM=
github.com/NvChad/NvChad v0.0.0-20220716014929-ce027efbe956/go.mod h1:fYUUmsFEHkxLhuB5URMsRUmeB2nKDMbIMDXbaGqTapc=
github.com/alacritty/alacritty v0.10.1 h1:7aHtCnO1P0VNk6Aj3M4On5kwknXbYMgLJedvVi5YL/o=
github.com/alacritty/alacritty v0.10.1/go.mod h1:TksKNqvr9RAKllNJlOP8wPPFGiW6RR9DCIEoJvDEedI=
github.com/anas-elgarhy/jls v0.0.0-20220623074106-071234a94c71 h1:dlEEOyXv4klCc7DnrUwZkBOgTdn2fO/DyW20N+gZCGE=
github.com/anas-elgarhy/jls v0.0.0-20220623074106-071234a94c71/go.mod h1:wm9XyY2NzvPssgWnZM289vCURtypBEdwIzZDxOfbQGI=
github.com/anas-elgarhy/jpwd v0.0.0-20220623164522-5e7658468e0f h1:lXZry0oc2tuz36QYBL7PRCQqsIoL258F6KyT5Q4TjN0=
github.com/anas-elgarhy/jpwd v0.0.0-20220623164522-5e7658468e0f/go.mod h1:AJqweC5um+E6uqHBmbl0Km+4qBJf8h0R95mCn6Y+jlc=
github.com/cmus/cmus v2.9.1+incompatible h1:rzsbsLgC5ZtYr1f4p4GAQDRQnCrsTz3edvWzN2f5JeY=
github.com/cmus/cmus v2.9.1+incompatible/go.mod h1:jqdonbIO32hdCCwF4/zDAY9j97FBdzCbb5fweSalSwY=
github.com/drkhsh/slstatus v0.0.0-20201130203214-84a2f117a32f h1:HQUvOCQdBPxllqenPB20E2q26pyZFpAx4gc9DxFNWNY=
github.com/drkhsh/slstatus v0.0.0-20201130203214-84a2f117a32f/go.mod h1:9R4AmRPLw2dl6z1eoCBBdMyXqLK5j0w6BTu5fmVWq9w=
github.com/garbeam/dwm v0.0.0-20190202125042-cb3f58ad0699 h1:UkOvkg9MwT+7vUlkCOtYqK+b6oIQWBqZVtr/3O2FBoU=
github.com/garbeam/dwm v0.0.0-20190202125042-cb3f58ad0699/go.mod h1:mAEmS/sfm1QVRhebkH2Y6qHQhujyvHv2rZs6FncsdFc=
github.com/git/git v2.36.1+incompatible h1:b4mPslTZt1Bn40sbjECapj0PKAZtBp8a1AYeHFx0Iz8=
github.com/git/git v2.36.1+incompatible/go.mod h1:B17BlExMbWcymdarLexglm7DJBhBmovtSHADsTWqDJY=
github.com/golang/go v0.0.0-20220519071347-128279e5034c h1:cL20pZ4fQ5rmmUS+MedMAZ3K4XrfOeLj8owK99B48Vs=
github.com/golang/go v0.0.0-20220519071347-128279e5034c/go.mod h1:VnTjtYw+XLkxokOYpCb9NBW3cOTFO8+uqxF7o10XJQk=
github.com/jetBrains/kotlin v1.6.21 h1:FWoWgIHWC9MLGAZmalXTUS7imsYQLXhe9oJFk5ix4LI=
github.com/jetBrains/kotlin v1.6.21/go.mod h1:j+mK3jdYrslZm3Q4APO60fUIIF1WFpRWT6e24HBPv5k=
github.com/kovidgoyal/kitty v0.26.5 h1:3VXxiC22vlFtye55booi0kZfyRsMAozUSDPPq36Ewgc=
github.com/kovidgoyal/kitty v0.26.5/go.mod h1:MLgXYnrYZk8gATb7fHAe5DTAX7xjSq3JfFHaY+IEKqY=
github.com/neovim/neovim v0.7.0 h1:Ll6YpnzdBIL4dxA0PpFeoIIG6UJoj2OlsuyZMnpcuac=
github.com/neovim/neovim v0.7.0/go.mod h1:qD1yPIwRSzTx5Jevki6FB0NygCAkBcJAf3EpWngASIk=
github.com/qtile/qtile v0.21.0 h1:6oxs/rG2EunbC0lv7QCh8JHiig13FT+3zSfA2h3Ovoc=
github.com/qtile/qtile v0.21.0/go.mod h1:o+BRFLNcxDXPEjMToOD0HHQtWCrw1wzOF3o0JJjOgTo=
github.com/rust-lang/cargo v0.0.1-pre h1:rcCp+QBJLcbn3A0qBZ5G6QBd7LiN4CbGENtp5mAEVLU=
github.com/rust-lang/cargo v0.0.1-pre/go.mod h1:/WJWK99n/zWkKmlBHOU8X25lTTSd9w2Ze2RVf3pg/s0=
github.com/rust-lang/rust v0.0.0-20220519040440-50872bdb99c9 h1:/ivCkXhHyzNK3OH4kTSU2cw5QLRtFtn5phms9zFsKn4=
github.com/rust-lang/rust v0.0.0-20220519040440-50872bdb99c9/go.mod h1:3UxfsJoh4G70RSlhXISM7IJzJfTdrs63XFM47nyODZQ=
github.com/tmux/tmux v0.0.0-20220514191646-ead75c2d512c h1:epjO/WMJKVID3DFQlqkDexy5PyBcmfFlg5u+yvU4xlk=
github.com/tmux/tmux v0.0.0-20220514191646-ead75c2d512c/go.mod h1:0cK4jXyQ4RgQAmXZbf24SFISBAT5uZwKPuLUy3mrUPQ=
github.com/zsh-users/zsh v0.0.0-20220520215050-a54d70457934 h1:twLNevuOn44CNxgt0m9kc5VLTtCFdkcpyV4xCQaNcUA=
github.com/zsh-users/zsh v0.0.0-20220520215050-a54d70457934/go.mod h1:3WUck0PhYcYOTTdVooDtIn8oy6+mPM5oyIVUXQ/i+C0=
